<?xml version="1.0" encoding="utf-8"?>
<Project ToolsVersion="4.0" xmlns="http://schemas.microsoft.com/developer/msbuild/2003">
  <ItemGroup>
    <Filter Include="Source Files">
      <UniqueIdentifier>{4FC737F1-C7A5-4376-A066-2A32D752A2FF}</UniqueIdentifier>
      <Extensions>cpp;c;cc;cxx;def;odl;idl;hpj;bat;asm;asmx</Extensions>
    </Filter>
    <Filter Include="Header Files">
      <UniqueIdentifier>{93995380-89BD-4b04-88EB-625FBE52EBFB}</UniqueIdentifier>
      <Extensions>h;hh;hpp;hxx;hm;inl;inc;xsd</Extensions>
    </Filter>
    <Filter Include="Resource Files">
      <UniqueIdentifier>{67DA6AB6-F800-4c08-8B7A-83BB121AAD01}</UniqueIdentifier>
      <Extensions>rc;ico;cur;bmp;dlg;rc2;rct;bin;rgs;gif;jpg;jpeg;jpe;resx;tiff;tif;png;wav;mfcribbon-ms</Extensions>
    </Filter>
  </ItemGroup>
  <ItemGroup>
    <None Include="video1.avi">
      <Filter>Resource Files</Filter>
    </None>
    <None Include="video2.avi">
      <Filter>Resource Files</Filter>
    </None>
  </ItemGroup>
  <ItemGroup>
    <Xml Include="cars.xml">
      <Filter>Resource Files</Filter>
    </Xml>
  </ItemGroup>
  <ItemGroup>
    <ClCompile Include="DetectCarsFromVideo.cpp">
      <Filter>Source Files</Filter>
    </ClCompile>
    <ClCompile Include="Main.cpp">
      <Filter>Source Files</Filter>
    </ClCompile>
    <ClCompile Include="lines_detection.cpp">
      <Filter>Source Files</Filter>
    </ClCompile>
    <ClCompile Include="Detect_color.cpp">
      <Filter>Source Files</Filter>
    </ClCompile>
    <ClCompile Include="Canny_edge_detection.cpp">
      <Filter>Source Files</Filter>
    </ClCompile>
    <ClCompile Include="Contours_detector.cpp">
      <Filter>Source Files</Filter>
    </ClCompile>
  </ItemGroup>
  <ItemGroup>
    <Media Include="..\..\..\..\Desktop\parking_video.mp4">
      <Filter>Resource Files</Filter>
    </Media>
  </ItemGroup>
  <ItemGroup>
    <Image Include="..\..\..\..\Desktop\parking.jpg">
      <Filter>Resource Files</Filter>
    </Image>
    <Image Include="IMG.jpg">
      <Filter>Resource Files</Filter>
    </Image>
    <Image Include="File_000.jpeg">
      <Filter>Resource Files</Filter>
    </Image>
    <Image Include="File_001.jpeg">
      <Filter>Resource Files</Filter>
    </Image>
    <Image Include="DSC09710.JPG">
      <Filter>Resource Files</Filter>
    </Image>
    <Image Include="DSC09711.JPG">
      <Filter>Resource Files</Filter>
    </Image>
    <Image Include="DSC09712.JPG">
      <Filter>Resource Files</Filter>
    </Image>
    <Image Include="DSC09713.JPG">
      <Filter>Resource Files</Filter>
    </Image>
    <Image Include="DSC09714.JPG">
      <Filter>Resource Files</Filter>
    </Image>
    <Image Include="DSC09715.JPG">
      <Filter>Resource Files</Filter>
    </Image>
    <Image Include="DSC09716.JPG">
      <Filter>Resource Files</Filter>
    </Image>
    <Image Include="DSC09717.JPG">
      <Filter>Resource Files</Filter>
    </Image>
    <Image Include="DSC09718.JPG">
      <Filter>Resource Files</Filter>
    </Image>
    <Image Include="img1.jpg">
      <Filter>Resource Files</Filter>
    </Image>
    <Image Include="img2.jpg">
      <Filter>Resource Files</Filter>
    </Image>
  </ItemGroup>
</Project>